// !$*UTF8*$!
{
	archiveVersion = 1;
	classes = {
	};
	objectVersion = 46;
	objects = {

/* Begin PBXBuildFile section */
		6C8E503B1AB3326300795171 /* AppDelegate.swift in Sources */ = {isa = PBXBuildFile; fileRef = 6C8E503A1AB3326300795171 /* AppDelegate.swift */; };
		6C8E503D1AB3326300795171 /* ViewController.swift in Sources */ = {isa = PBXBuildFile; fileRef = 6C8E503C1AB3326300795171 /* ViewController.swift */; };
		6C8E50401AB3326300795171 /* Main.storyboard in Resources */ = {isa = PBXBuildFile; fileRef = 6C8E503E1AB3326300795171 /* Main.storyboard */; };
		6C8E50421AB3326300795171 /* Images.xcassets in Resources */ = {isa = PBXBuildFile; fileRef = 6C8E50411AB3326300795171 /* Images.xcassets */; };
		6C8E50451AB3326300795171 /* LaunchScreen.xib in Resources */ = {isa = PBXBuildFile; fileRef = 6C8E50431AB3326300795171 /* LaunchScreen.xib */; };
		6C8E50511AB3326400795171 /* TableViewSimpleTests.swift in Sources */ = {isa = PBXBuildFile; fileRef = 6C8E50501AB3326400795171 /* TableViewSimpleTests.swift */; };
		6C8E505B1AB4C96D00795171 /* mpic.png in Resources */ = {isa = PBXBuildFile; fileRef = 6C8E505A1AB4C96D00795171 /* mpic.png */; };
/* End PBXBuildFile section */

/* Begin PBXContainerItemProxy section */
		6C8E504B1AB3326400795171 /* PBXContainerItemProxy */ = {
			isa = PBXContainerItemProxy;
			containerPortal = 6C8E502D1AB3326300795171 /* Project object */;
			proxyType = 1;
			remoteGlobalIDString = 6C8E50341AB3326300795171;
			remoteInfo = TableViewSimple;
		};
/* End PBXContainerItemProxy section */

/* Begin PBXFileReference section */
		6C8E50351AB3326300795171 /* TableViewSimple.app */ = {isa = PBXFileReference; explicitFileType = wrapper.application; includeInIndex = 0; path = TableViewSimple.app; sourceTree = BUILT_PRODUCTS_DIR; };
		6C8E50391AB3326300795171 /* Info.plist */ = {isa = PBXFileReference; lastKnownFileType = text.plist.xml; path = Info.plist; sourceTree = "<group>"; };
		6C8E503A1AB3326300795171 /* AppDelegate.swift */ = {isa = PBXFileReference; lastKnownFileType = sourcecode.swift; path = AppDelegate.swift; sourceTree = "<group>"; };
		6C8E503C1AB3326300795171 /* ViewController.swift */ = {isa = PBXFileReference; lastKnownFileType = sourcecode.swift; path = ViewController.swift; sourceTree = "<group>"; };
		6C8E503F1AB3326300795171 /* Base */ = {isa = PBXFileReference; lastKnownFileType = file.storyboard; name = Base; path = Base.lproj/Main.storyboard; sourceTree = "<group>"; };
		6C8E50411AB3326300795171 /* Images.xcassets */ = {isa = PBXFileReference; lastKnownFileType = folder.assetcatalog; path = Images.xcassets; sourceTree = "<group>"; };
		6C8E50441AB3326300795171 /* Base */ = {isa = PBXFileReference; lastKnownFileType = file.xib; name = Base; path = Base.lproj/LaunchScreen.xib; sourceTree = "<group>"; };
		6C8E504A1AB3326400795171 /* TableViewSimpleTests.xctest */ = {isa = PBXFileReference; explicitFileType = wrapper.cfbundle; includeInIndex = 0; path = TableViewSimpleTests.xctest; sourceTree = BUILT_PRODUCTS_DIR; };
		6C8E504F1AB3326400795171 /* Info.plist */ = {isa = PBXFileReference; lastKnownFileType = text.plist.xml; path = Info.plist; sourceTree = "<group>"; };
		6C8E50501AB3326400795171 /* TableViewSimpleTests.swift */ = {isa = PBXFileReference; lastKnownFileType = sourcecode.swift; path = TableViewSimpleTests.swift; sourceTree = "<group>"; };
		6C8E505A1AB4C96D00795171 /* mpic.png */ = {isa = PBXFileReference; lastKnownFileType = image.png; path = mpic.png; sourceTree = "<group>"; };
/* End PBXFileReference section */

/* Begin PBXFrameworksBuildPhase section */
		6C8E50321AB3326300795171 /* Frameworks */ = {
			isa = PBXFrameworksBuildPhase;
			buildActionMask = 2147483647;
			files = (
			);
			runOnlyForDeploymentPostprocessing = 0;
		};
		6C8E50471AB3326400795171 /* Frameworks */ = {
			isa = PBXFrameworksBuildPhase;
			buildActionMask = 2147483647;
			files = (
			);
			runOnlyForDeploymentPostprocessing = 0;
		};
/* End PBXFrameworksBuildPhase section */

/* Begin PBXGroup section */
		6C8E502C1AB3326300795171 = {
			isa = PBXGroup;
			children = (
				6C8E50371AB3326300795171 /* TableViewSimple */,
				6C8E504D1AB3326400795171 /* TableViewSimpleTests */,
				6C8E50361AB3326300795171 /* Products */,
			);
			sourceTree = "<group>";
		};
		6C8E50361AB3326300795171 /* Products */ = {
			isa = PBXGroup;
			children = (
				6C8E50351AB3326300795171 /* TableViewSimple.app */,
				6C8E504A1AB3326400795171 /* TableViewSimpleTests.xctest */,
			);
			name = Products;
			sourceTree = "<group>";
		};
		6C8E50371AB3326300795171 /* TableViewSimple */ = {
			isa = PBXGroup;
			children = (
				6C8E503A1AB3326300795171 /* AppDelegate.swift */,
				6C8E503C1AB3326300795171 /* ViewController.swift */,
				6C8E503E1AB3326300795171 /* Main.storyboard */,
				6C8E505A1AB4C96D00795171 /* mpic.png */,
				6C8E50411AB3326300795171 /* Images.xcassets */,
				6C8E50431AB3326300795171 /* LaunchScreen.xib */,
				6C8E50381AB3326300795171 /* Supporting Files */,
			);
			path = TableViewSimple;
			sourceTree = "<group>";
		};
		6C8E50381AB3326300795171 /* Supporting Files */ = {
			isa = PBXGroup;
			children = (
				6C8E50391AB3326300795171 /* Info.plist */,
			);
			name = "Supporting Files";
			sourceTree = "<group>";
		};
		6C8E504D1AB3326400795171 /* TableViewSimpleTests */ = {
			isa = PBXGroup;
			children = (
				6C8E50501AB3326400795171 /* TableViewSimpleTests.swift */,
				6C8E504E1AB3326400795171 /* Supporting Files */,
			);
			path = TableViewSimpleTests;
			sourceTree = "<group>";
		};
		6C8E504E1AB3326400795171 /* Supporting Files */ = {
			isa = PBXGroup;
			children = (
				6C8E504F1AB3326400795171 /* Info.plist */,
			);
			name = "Supporting Files";
			sourceTree = "<group>";
		};
/* End PBXGroup section */

/* Begin PBXNativeTarget section */
		6C8E50341AB3326300795171 /* TableViewSimple */ = {
			isa = PBXNativeTarget;
			buildConfigurationList = 6C8E50541AB3326400795171 /* Build configuration list for PBXNativeTarget "TableViewSimple" */;
			buildPhases = (
				6C8E50311AB3326300795171 /* Sources */,
				6C8E50321AB3326300795171 /* Frameworks */,
				6C8E50331AB3326300795171 /* Resources */,
			);
			buildRules = (
			);
			dependencies = (
			);
			name = TableViewSimple;
			productName = TableViewSimple;
			productReference = 6C8E50351AB3326300795171 /* TableViewSimple.app */;
			productType = "com.apple.product-type.application";
		};
		6C8E50491AB3326400795171 /* TableViewSimpleTests */ = {
			isa = PBXNativeTarget;
			buildConfigurationList = 6C8E50571AB3326400795171 /* Build configuration list for PBXNativeTarget "TableViewSimpleTests" */;
			buildPhases = (
				6C8E50461AB3326400795171 /* Sources */,
				6C8E50471AB3326400795171 /* Frameworks */,
				6C8E50481AB3326400795171 /* Resources */,
			);
			buildRules = (
			);
			dependencies = (
				6C8E504C1AB3326400795171 /* PBXTargetDependency */,
			);
			name = TableViewSimpleTests;
			productName = TableViewSimpleTests;
			productReference = 6C8E504A1AB3326400795171 /* TableViewSimpleTests.xctest */;
			productType = "com.apple.product-type.bundle.unit-test";
		};
/* End PBXNativeTarget section */

/* Begin PBXProject section */
		6C8E502D1AB3326300795171 /* Project object */ = {
			isa = PBXProject;
			attributes = {
				LastUpgradeCheck = 0610;
				ORGANIZATIONNAME = yuryg;
				TargetAttributes = {
					6C8E50341AB3326300795171 = {
						CreatedOnToolsVersion = 6.1.1;
					};
					6C8E50491AB3326400795171 = {
						CreatedOnToolsVersion = 6.1.1;
						TestTargetID = 6C8E50341AB3326300795171;
					};
				};
			};
			buildConfigurationList = 6C8E50301AB3326300795171 /* Build configuration list for PBXProject "TableViewSimple" */;
			compatibilityVersion = "Xcode 3.2";
			developmentRegion = English;
			hasScannedForEncodings = 0;
			knownRegions = (
				en,
				Base,
			);
			mainGroup = 6C8E502C1AB3326300795171;
			productRefGroup = 6C8E50361AB3326300795171 /* Products */;
			projectDirPath = "";
			projectRoot = "";
			targets = (
				6C8E50341AB3326300795171 /* TableViewSimple */,
				6C8E50491AB3326400795171 /* TableViewSimpleTests */,
			);
		};
/* End PBXProject section */

/* Begin PBXResourcesBuildPhase section */
		6C8E50331AB3326300795171 /* Resources */ = {
			isa = PBXResourcesBuildPhase;
			buildActionMask = 2147483647;
			files = (
				6C8E505B1AB4C96D00795171 /* mpic.png in Resources */,
				6C8E50401AB3326300795171 /* Main.storyboard in Resources */,
				6C8E50451AB3326300795171 /* LaunchScreen.xib in Resources */,
				6C8E50421AB3326300795171 /* Images.xcassets in Resources */,
			);
			runOnlyForDeploymentPostprocessing = 0;
		};
		6C8E50481AB3326400795171 /* Resources */ = {
			isa = PBXResourcesBuildPhase;
			buildActionMask = 2147483647;
			files = (
			);
			runOnlyForDeploymentPostprocessing = 0;
		};
/* End PBXResourcesBuildPhase section */

/* Begin PBXSourcesBuildPhase section */
		6C8E50311AB3326300795171 /* Sources */ = {
			isa = PBXSourcesBuildPhase;
			buildActionMask = 2147483647;
			files = (
				6C8E503D1AB3326300795171 /* ViewController.swift in Sources */,
				6C8E503B1AB3326300795171 /* AppDelegate.swift in Sources */,
			);
			runOnlyForDeploymentPostprocessing = 0;
		};
		6C8E50461AB3326400795171 /* Sources */ = {
			isa = PBXSourcesBuildPhase;
			buildActionMask = 2147483647;
			files = (
				6C8E50511AB3326400795171 /* TableViewSimpleTests.swift in Sources */,
			);
			runOnlyForDeploymentPostprocessing = 0;
		};
/* End PBXSourcesBuildPhase section */

/* Begin PBXTargetDependency section */
		6C8E504C1AB3326400795171 /* PBXTargetDependency */ = {
			isa = PBXTargetDependency;
			target = 6C8E50341AB3326300795171 /* TableViewSimple */;
			targetProxy = 6C8E504B1AB3326400795171 /* PBXContainerItemProxy */;
		};
/* End PBXTargetDependency section */

/* Begin PBXVariantGroup section */
		6C8E503E1AB3326300795171 /* Main.storyboard */ = {
			isa = PBXVariantGroup;
			children = (
				6C8E503F1AB3326300795171 /* Base */,
			);
			name = Main.storyboard;
			sourceTree = "<group>";
		};
		6C8E50431AB3326300795171 /* LaunchScreen.xib */ = {
			isa = PBXVariantGroup;
			children = (
				6C8E50441AB3326300795171 /* Base */,
			);
			name = LaunchScreen.xib;
			sourceTree = "<group>";
		};
/* End PBXVariantGroup section */

/* Begin XCBuildConfiguration section */
		6C8E50521AB3326400795171 /* Debug */ = {
			isa = XCBuildConfiguration;
			buildSettings = {
				ALWAYS_SEARCH_USER_PATHS = NO;
				CLANG_CXX_LANGUAGE_STANDARD = "gnu++0x";
				CLANG_CXX_LIBRARY = "libc++";
				CLANG_ENABLE_MODULES = YES;
				CLANG_ENABLE_OBJC_ARC = YES;
				CLANG_WARN_BOOL_CONVERSION = YES;
				CLANG_WARN_CONSTANT_CONVERSION = YES;
				CLANG_WARN_DIRECT_OBJC_ISA_USAGE = YES_ERROR;
				CLANG_WARN_EMPTY_BODY = YES;
				CLANG_WARN_ENUM_CONVERSION = YES;
				CLANG_WARN_INT_CONVERSION = YES;
				CLANG_WARN_OBJC_ROOT_CLASS = YES_ERROR;
				CLANG_WARN_UNREACHABLE_CODE = YES;
				CLANG_WARN__DUPLICATE_METHOD_MATCH = YES;
				"CODE_SIGN_IDENTITY[sdk=iphoneos*]" = "iPhone Developer";
				COPY_PHASE_STRIP = NO;
				ENABLE_STRICT_OBJC_MSGSEND = YES;
				GCC_C_LANGUAGE_STANDARD = gnu99;
				GCC_DYNAMIC_NO_PIC = NO;
				GCC_OPTIMIZATION_LEVEL = 0;
				GCC_PREPROCESSOR_DEFINITIONS = (
					"DEBUG=1",
					"$(inherited)",
				);
				GCC_SYMBOLS_PRIVATE_EXTERN = NO;
				GCC_WARN_64_TO_32_BIT_CONVERSION = YES;
				GCC_WARN_ABOUT_RETURN_TYPE = YES_ERROR;
				GCC_WARN_UNDECLARED_SELECTOR = YES;
				GCC_WARN_UNINITIALIZED_AUTOS = YES_AGGRESSIVE;
				GCC_WARN_UNUSED_FUNCTION = YES;
				GCC_WARN_UNUSED_VARIABLE = YES;
				IPHONEOS_DEPLOYMENT_TARGET = 8.1;
				MTL_ENABLE_DEBUG_INFO = YES;
				ONLY_ACTIVE_ARCH = YES;
				SDKROOT = iphoneos;
				SWIFT_OPTIMIZATION_LEVEL = "-Onone";
			};
			name = Debug;
		};
		6C8E50531AB3326400795171 /* Release */ = {
			isa = XCBuildConfiguration;
			buildSettings = {
				ALWAYS_SEARCH_USER_PATHS = NO;
				CLANG_CXX_LANGUAGE_STANDARD = "gnu++0x";
				CLANG_CXX_LIBRARY = "libc++";
				CLANG_ENABLE_MODULES = YES;
				CLANG_ENABLE_OBJC_ARC = YES;
				CLANG_WARN_BOOL_CONVERSION = YES;
				CLANG_WARN_CONSTANT_CONVERSION = YES;
				CLANG_WARN_DIRECT_OBJC_ISA_USAGE = YES_ERROR;
				CLANG_WARN_EMPTY_BODY = YES;
				CLANG_WARN_ENUM_CONVERSION = YES;
				CLANG_WARN_INT_CONVERSION = YES;
				CLANG_WARN_OBJC_ROOT_CLASS = YES_ERROR;
				CLANG_WARN_UNREACHABLE_CODE = YES;
				CLANG_WARN__DUPLICATE_METHOD_MATCH = YES;
				"CODE_SIGN_IDENTITY[sdk=iphoneos*]" = "iPhone Developer";
				COPY_PHASE_STRIP = YES;
				ENABLE_NS_ASSERTIONS = NO;
				ENABLE_STRICT_OBJC_MSGSEND = YES;
				GCC_C_LANGUAGE_STANDARD = gnu99;
				GCC_WARN_64_TO_32_BIT_CONVERSION = YES;
				GCC_WARN_ABOUT_RETURN_TYPE = YES_ERROR;
				GCC_WARN_UNDECLARED_SELECTOR = YES;
				GCC_WARN_UNINITIALIZED_AUTOS = YES_AGGRESSIVE;
				GCC_WARN_UNUSED_FUNCTION = YES;
				GCC_WARN_UNUSED_VARIABLE = YES;
				IPHONEOS_DEPLOYMENT_TARGET = 8.1;
				MTL_ENABLE_DEBUG_INFO = NO;
				SDKROOT = iphoneos;
				VALIDATE_PRODUCT = YES;
			};
			name = Release;
		};
		6C8E50551AB3326400795171 /* Debug */ = {
			isa = XCBuildConfiguration;
			buildSettings = {
				ASSETCATALOG_COMPILER_APPICON_NAME = AppIcon;
				INFOPLIST_FILE = TableViewSimple/Info.plist;
				LD_RUNPATH_SEARCH_PATHS = "$(inherited) @executable_path/Frameworks";
				PRODUCT_NAME = "$(TARGET_NAME)";
			};
			name = Debug;
		};
		6C8E50561AB3326400795171 /* Release */ = {
			isa = XCBuildConfiguration;
			buildSettings = {
				ASSETCATALOG_COMPILER_APPICON_NAME = AppIcon;
				INFOPLIST_FILE = TableViewSimple/Info.plist;
				LD_RUNPATH_SEARCH_PATHS = "$(inherited) @executable_path/Frameworks";
				PRODUCT_NAME = "$(TARGET_NAME)";
			};
			name = Release;
		};
		6C8E50581AB3326400795171 /* Debug */ = {
			isa = XCBuildConfiguration;
			buildSettings = {
				BUNDLE_LOADER = "$(TEST_HOST)";
				FRAMEWORK_SEARCH_PATHS = (
					"$(SDKROOT)/Developer/Library/Frameworks",
					"$(inherited)",
				);
				GCC_PREPROCESSOR_DEFINITIONS = (
					"DEBUG=1",
					"$(inherited)",
				);
				INFOPLIST_FILE = TableViewSimpleTests/Info.plist;
				LD_RUNPATH_SEARCH_PATHS = "$(inherited) @executable_path/Frameworks @loader_path/Frameworks";
				PRODUCT_NAME = "$(TARGET_NAME)";
				TEST_HOST = "$(BUILT_PRODUCTS_DIR)/TableViewSimple.app/TableViewSimple";
			};
			name = Debug;
		};
		6C8E50591AB3326400795171 /* Release */ = {
			isa = XCBuildConfiguration;
			buildSettings = {
				BUNDLE_LOADER = "$(TEST_HOST)";
				FRAMEWORK_SEARCH_PATHS = (
					"$(SDKROOT)/Developer/Library/Frameworks",
					"$(inherited)",
				);
				INFOPLIST_FILE = TableViewSimpleTests/Info.plist;
				LD_RUNPATH_SEARCH_PATHS = "$(inherited) @executable_path/Frameworks @loader_path/Frameworks";
				PRODUCT_NAME = "$(TARGET_NAME)";
				TEST_HOST = "$(BUILT_PRODUCTS_DIR)/TableViewSimple.app/TableViewSimple";
			};
			name = Release;
		};
/* End XCBuildConfiguration section */

/* Begin XCConfigurationList section */
		6C8E50301AB3326300795171 /* Build configuration list for PBXProject "TableViewSimple" */ = {
			isa = XCConfigurationList;
			buildConfigurations = (
				6C8E50521AB3326400795171 /* Debug */,
				6C8E50531AB3326400795171 /* Release */,
			);
			defaultConfigurationIsVisible = 0;
			defaultConfigurationName = Release;
		};
		6C8E50541AB3326400795171 /* Build configuration list for PBXNativeTarget "TableViewSimple" */ = {
			isa = XCConfigurationList;
			buildConfigurations = (
				6C8E50551AB3326400795171 /* Debug */,
				6C8E50561AB3326400795171 /* Release */,
			);
			defaultConfigurationIsVisible = 0;
		};
		6C8E50571AB3326400795171 /* Build configuration list for PBXNativeTarget "TableViewSimpleTests" */ = {
			isa = XCConfigurationList;
			buildConfigurations = (
				6C8E50581AB3326400795171 /* Debug */,
				6C8E50591AB3326400795171 /* Release */,
			);
			defaultConfigurationIsVisible = 0;
		};
/* End XCConfigurationList section */
	};
	rootObject = 6C8E502D1AB3326300795171 /* Project object */;
}
